
Microsoft Visual Studio Solution File, Format Version 12.00
# Visual Studio 15
VisualStudioVersion = 15.0.26228.4
MinimumVisualStudioVersion = 10.0.40219.1
Project("{FAE04EC0-301F-11D3-BF4B-00C04F79EFBC}") = "String_Number_Calculator", "String_Number_Calculator\String_Number_Calculator.csproj", "{281362C4-B1EE-4F0C-BA06-6AE028ABAFB3}"
EndProject
Project("{FAE04EC0-301F-11D3-BF4B-00C04F79EFBC}") = "StringCalculator.Test", "StringCalculator.Test\StringCalculator.Test.csproj", "{699A528A-3847-4D89-BEFF-36602857B40F}"
EndProject
Global
	GlobalSection(SolutionConfigurationPlatforms) = preSolution
		Debug|Any CPU = Debug|Any CPU
		Release|Any CPU = Release|Any CPU
	EndGlobalSection
	GlobalSection(ProjectConfigurationPlatforms) = postSolution
		{281362C4-B1EE-4F0C-BA06-6AE028ABAFB3}.Debug|Any CPU.ActiveCfg = Debug|Any CPU
		{281362C4-B1EE-4F0C-BA06-6AE028ABAFB3}.Debug|Any CPU.Build.0 = Debug|Any CPU
		{281362C4-B1EE-4F0C-BA06-6AE028ABAFB3}.Release|Any CPU.ActiveCfg = Release|Any CPU
		{281362C4-B1EE-4F0C-BA06-6AE028ABAFB3}.Release|Any CPU.Build.0 = Release|Any CPU
		{699A528A-3847-4D89-BEFF-36602857B40F}.Debug|Any CPU.ActiveCfg = Debug|Any CPU
		{699A528A-3847-4D89-BEFF-36602857B40F}.Debug|Any CPU.Build.0 = Debug|Any CPU
		{699A528A-3847-4D89-BEFF-36602857B40F}.Release|Any CPU.ActiveCfg = Release|Any CPU
		{699A528A-3847-4D89-BEFF-36602857B40F}.Release|Any CPU.Build.0 = Release|Any CPU
	EndGlobalSection
	GlobalSection(SolutionProperties) = preSolution
		HideSolutionNode = FALSE
	EndGlobalSection
EndGlobal
